// !$*UTF8*$!
{
	archiveVersion = 1;
	classes = {
	};
	objectVersion = 46;
	objects = {

/* Begin PBXBuildFile section */
		6110A11E1EFCE9C9002786E6 /* Pokemon.swift in Sources */ = {isa = PBXBuildFile; fileRef = 6110A11D1EFCE9C9002786E6 /* Pokemon.swift */; };
		61F110F11EFF78FC00FD1960 /* PokeCell.swift in Sources */ = {isa = PBXBuildFile; fileRef = 61F110F01EFF78FC00FD1960 /* PokeCell.swift */; };
		A9D1E46A1EF3273A008E352F /* AppDelegate.swift in Sources */ = {isa = PBXBuildFile; fileRef = A9D1E4691EF3273A008E352F /* AppDelegate.swift */; };
		A9D1E46C1EF3273A008E352F /* ViewController.swift in Sources */ = {isa = PBXBuildFile; fileRef = A9D1E46B1EF3273A008E352F /* ViewController.swift */; };
		A9D1E46F1EF3273A008E352F /* Main.storyboard in Resources */ = {isa = PBXBuildFile; fileRef = A9D1E46D1EF3273A008E352F /* Main.storyboard */; };
		A9D1E4711EF3273A008E352F /* Assets.xcassets in Resources */ = {isa = PBXBuildFile; fileRef = A9D1E4701EF3273A008E352F /* Assets.xcassets */; };
		A9D1E4741EF3273A008E352F /* LaunchScreen.storyboard in Resources */ = {isa = PBXBuildFile; fileRef = A9D1E4721EF3273A008E352F /* LaunchScreen.storyboard */; };
		A9D1E47C1EF328B8008E352F /* pokemon.csv in Resources */ = {isa = PBXBuildFile; fileRef = A9D1E47B1EF328B8008E352F /* pokemon.csv */; };
/* End PBXBuildFile section */

/* Begin PBXFileReference section */
		6110A11D1EFCE9C9002786E6 /* Pokemon.swift */ = {isa = PBXFileReference; fileEncoding = 4; lastKnownFileType = sourcecode.swift; path = Pokemon.swift; sourceTree = "<group>"; };
		61F110F01EFF78FC00FD1960 /* PokeCell.swift */ = {isa = PBXFileReference; fileEncoding = 4; lastKnownFileType = sourcecode.swift; path = PokeCell.swift; sourceTree = "<group>"; };
		A9D1E4661EF3273A008E352F /* Pokedex.app */ = {isa = PBXFileReference; explicitFileType = wrapper.application; includeInIndex = 0; path = Pokedex.app; sourceTree = BUILT_PRODUCTS_DIR; };
		A9D1E4691EF3273A008E352F /* AppDelegate.swift */ = {isa = PBXFileReference; lastKnownFileType = sourcecode.swift; path = AppDelegate.swift; sourceTree = "<group>"; };
		A9D1E46B1EF3273A008E352F /* ViewController.swift */ = {isa = PBXFileReference; lastKnownFileType = sourcecode.swift; path = ViewController.swift; sourceTree = "<group>"; };
		A9D1E46E1EF3273A008E352F /* Base */ = {isa = PBXFileReference; lastKnownFileType = file.storyboard; name = Base; path = Base.lproj/Main.storyboard; sourceTree = "<group>"; };
		A9D1E4701EF3273A008E352F /* Assets.xcassets */ = {isa = PBXFileReference; lastKnownFileType = folder.assetcatalog; path = Assets.xcassets; sourceTree = "<group>"; };
		A9D1E4731EF3273A008E352F /* Base */ = {isa = PBXFileReference; lastKnownFileType = file.storyboard; name = Base; path = Base.lproj/LaunchScreen.storyboard; sourceTree = "<group>"; };
		A9D1E4751EF3273A008E352F /* Info.plist */ = {isa = PBXFileReference; lastKnownFileType = text.plist.xml; path = Info.plist; sourceTree = "<group>"; };
		A9D1E47B1EF328B8008E352F /* pokemon.csv */ = {isa = PBXFileReference; fileEncoding = 4; lastKnownFileType = text; name = pokemon.csv; path = ../pokemon.csv; sourceTree = "<group>"; };
/* End PBXFileReference section */

/* Begin PBXFrameworksBuildPhase section */
		A9D1E4631EF3273A008E352F /* Frameworks */ = {
			isa = PBXFrameworksBuildPhase;
			buildActionMask = 2147483647;
			files = (
			);
			runOnlyForDeploymentPostprocessing = 0;
		};
/* End PBXFrameworksBuildPhase section */

/* Begin PBXGroup section */
		6110A11C1EFCE920002786E6 /* Model */ = {
			isa = PBXGroup;
			children = (
				6110A11D1EFCE9C9002786E6 /* Pokemon.swift */,
			);
			name = Model;
			sourceTree = "<group>";
		};
		61F110EF1EFF78CE00FD1960 /* View */ = {
			isa = PBXGroup;
			children = (
				61F110F01EFF78FC00FD1960 /* PokeCell.swift */,
			);
			name = View;
			sourceTree = "<group>";
		};
		A9D1E45D1EF3273A008E352F = {
			isa = PBXGroup;
			children = (
				A9D1E4681EF3273A008E352F /* Pokedex */,
				A9D1E4671EF3273A008E352F /* Products */,
			);
			sourceTree = "<group>";
		};
		A9D1E4671EF3273A008E352F /* Products */ = {
			isa = PBXGroup;
			children = (
				A9D1E4661EF3273A008E352F /* Pokedex.app */,
			);
			name = Products;
			sourceTree = "<group>";
		};
		A9D1E4681EF3273A008E352F /* Pokedex */ = {
			isa = PBXGroup;
			children = (
				61F110EF1EFF78CE00FD1960 /* View */,
				6110A11C1EFCE920002786E6 /* Model */,
				A9D1E4691EF3273A008E352F /* AppDelegate.swift */,
				A9D1E46B1EF3273A008E352F /* ViewController.swift */,
				A9D1E46D1EF3273A008E352F /* Main.storyboard */,
				A9D1E4701EF3273A008E352F /* Assets.xcassets */,
				A9D1E47B1EF328B8008E352F /* pokemon.csv */,
				A9D1E4721EF3273A008E352F /* LaunchScreen.storyboard */,
				A9D1E4751EF3273A008E352F /* Info.plist */,
			);
			path = Pokedex;
			sourceTree = "<group>";
		};
/* End PBXGroup section */

/* Begin PBXNativeTarget section */
		A9D1E4651EF3273A008E352F /* Pokedex */ = {
			isa = PBXNativeTarget;
			buildConfigurationList = A9D1E4781EF3273A008E352F /* Build configuration list for PBXNativeTarget "Pokedex" */;
			buildPhases = (
				A9D1E4621EF3273A008E352F /* Sources */,
				A9D1E4631EF3273A008E352F /* Frameworks */,
				A9D1E4641EF3273A008E352F /* Resources */,
			);
			buildRules = (
			);
			dependencies = (
			);
			name = Pokedex;
			productName = Pokedex;
			productReference = A9D1E4661EF3273A008E352F /* Pokedex.app */;
			productType = "com.apple.product-type.application";
		};
/* End PBXNativeTarget section */

/* Begin PBXProject section */
		A9D1E45E1EF3273A008E352F /* Project object */ = {
			isa = PBXProject;
			attributes = {
				LastSwiftUpdateCheck = 0830;
				LastUpgradeCheck = 0830;
				ORGANIZATIONNAME = UpliftedStudios;
				TargetAttributes = {
					A9D1E4651EF3273A008E352F = {
						CreatedOnToolsVersion = 8.3.3;
						ProvisioningStyle = Automatic;
					};
				};
			};
			buildConfigurationList = A9D1E4611EF3273A008E352F /* Build configuration list for PBXProject "Pokedex" */;
			compatibilityVersion = "Xcode 3.2";
			developmentRegion = English;
			hasScannedForEncodings = 0;
			knownRegions = (
				en,
				Base,
			);
			mainGroup = A9D1E45D1EF3273A008E352F;
			productRefGroup = A9D1E4671EF3273A008E352F /* Products */;
			projectDirPath = "";
			projectRoot = "";
			targets = (
				A9D1E4651EF3273A008E352F /* Pokedex */,
			);
		};
/* End PBXProject section */

/* Begin PBXResourcesBuildPhase section */
		A9D1E4641EF3273A008E352F /* Resources */ = {
			isa = PBXResourcesBuildPhase;
			buildActionMask = 2147483647;
			files = (
				A9D1E4741EF3273A008E352F /* LaunchScreen.storyboard in Resources */,
				A9D1E4711EF3273A008E352F /* Assets.xcassets in Resources */,
				A9D1E47C1EF328B8008E352F /* pokemon.csv in Resources */,
				A9D1E46F1EF3273A008E352F /* Main.storyboard in Resources */,
			);
			runOnlyForDeploymentPostprocessing = 0;
		};
/* End PBXResourcesBuildPhase section */

/* Begin PBXSourcesBuildPhase section */
		A9D1E4621EF3273A008E352F /* Sources */ = {
			isa = PBXSourcesBuildPhase;
			buildActionMask = 2147483647;
			files = (
				61F110F11EFF78FC00FD1960 /* PokeCell.swift in Sources */,
				A9D1E46C1EF3273A008E352F /* ViewController.swift in Sources */,
				A9D1E46A1EF3273A008E352F /* AppDelegate.swift in Sources */,
				6110A11E1EFCE9C9002786E6 /* Pokemon.swift in Sources */,
			);
			runOnlyForDeploymentPostprocessing = 0;
		};
/* End PBXSourcesBuildPhase section */

/* Begin PBXVariantGroup section */
		A9D1E46D1EF3273A008E352F /* Main.storyboard */ = {
			isa = PBXVariantGroup;
			children = (
				A9D1E46E1EF3273A008E352F /* Base */,
			);
			name = Main.storyboard;
			sourceTree = "<group>";
		};
		A9D1E4721EF3273A008E352F /* LaunchScreen.storyboard */ = {
			isa = PBXVariantGroup;
			children = (
				A9D1E4731EF3273A008E352F /* Base */,
			);
			name = LaunchScreen.storyboard;
			sourceTree = "<group>";
		};
/* End PBXVariantGroup section */

/* Begin XCBuildConfiguration section */
		A9D1E4761EF3273A008E352F /* Debug */ = {
			isa = XCBuildConfiguration;
			buildSettings = {
				ALWAYS_SEARCH_USER_PATHS = NO;
				CLANG_ANALYZER_NONNULL = YES;
				CLANG_ANALYZER_NUMBER_OBJECT_CONVERSION = YES_AGGRESSIVE;
				CLANG_CXX_LANGUAGE_STANDARD = "gnu++0x";
				CLANG_CXX_LIBRARY = "libc++";
				CLANG_ENABLE_MODULES = YES;
				CLANG_ENABLE_OBJC_ARC = YES;
				CLANG_WARN_BOOL_CONVERSION = YES;
				CLANG_WARN_CONSTANT_CONVERSION = YES;
				CLANG_WARN_DIRECT_OBJC_ISA_USAGE = YES_ERROR;
				CLANG_WARN_DOCUMENTATION_COMMENTS = YES;
				CLANG_WARN_EMPTY_BODY = YES;
				CLANG_WARN_ENUM_CONVERSION = YES;
				CLANG_WARN_INFINITE_RECURSION = YES;
				CLANG_WARN_INT_CONVERSION = YES;
				CLANG_WARN_OBJC_ROOT_CLASS = YES_ERROR;
				CLANG_WARN_SUSPICIOUS_MOVE = YES;
				CLANG_WARN_UNREACHABLE_CODE = YES;
				CLANG_WARN__DUPLICATE_METHOD_MATCH = YES;
				"CODE_SIGN_IDENTITY[sdk=iphoneos*]" = "iPhone Developer";
				COPY_PHASE_STRIP = NO;
				DEBUG_INFORMATION_FORMAT = dwarf;
				ENABLE_STRICT_OBJC_MSGSEND = YES;
				ENABLE_TESTABILITY = YES;
				GCC_C_LANGUAGE_STANDARD = gnu99;
				GCC_DYNAMIC_NO_PIC = NO;
				GCC_NO_COMMON_BLOCKS = YES;
				GCC_OPTIMIZATION_LEVEL = 0;
				GCC_PREPROCESSOR_DEFINITIONS = (
					"DEBUG=1",
					"$(inherited)",
				);
				GCC_WARN_64_TO_32_BIT_CONVERSION = YES;
				GCC_WARN_ABOUT_RETURN_TYPE = YES_ERROR;
				GCC_WARN_UNDECLARED_SELECTOR = YES;
				GCC_WARN_UNINITIALIZED_AUTOS = YES_AGGRESSIVE;
				GCC_WARN_UNUSED_FUNCTION = YES;
				GCC_WARN_UNUSED_VARIABLE = YES;
				IPHONEOS_DEPLOYMENT_TARGET = 10.3;
				MTL_ENABLE_DEBUG_INFO = YES;
				ONLY_ACTIVE_ARCH = YES;
				SDKROOT = iphoneos;
				SWIFT_ACTIVE_COMPILATION_CONDITIONS = DEBUG;
				SWIFT_OPTIMIZATION_LEVEL = "-Onone";
			};
			name = Debug;
		};
		A9D1E4771EF3273A008E352F /* Release */ = {
			isa = XCBuildConfiguration;
			buildSettings = {
				ALWAYS_SEARCH_USER_PATHS = NO;
				CLANG_ANALYZER_NONNULL = YES;
				CLANG_ANALYZER_NUMBER_OBJECT_CONVERSION = YES_AGGRESSIVE;
				CLANG_CXX_LANGUAGE_STANDARD = "gnu++0x";
				CLANG_CXX_LIBRARY = "libc++";
				CLANG_ENABLE_MODULES = YES;
				CLANG_ENABLE_OBJC_ARC = YES;
				CLANG_WARN_BOOL_CONVERSION = YES;
				CLANG_WARN_CONSTANT_CONVERSION = YES;
				CLANG_WARN_DIRECT_OBJC_ISA_USAGE = YES_ERROR;
				CLANG_WARN_DOCUMENTATION_COMMENTS = YES;
				CLANG_WARN_EMPTY_BODY = YES;
				CLANG_WARN_ENUM_CONVERSION = YES;
				CLANG_WARN_INFINITE_RECURSION = YES;
				CLANG_WARN_INT_CONVERSION = YES;
				CLANG_WARN_OBJC_ROOT_CLASS = YES_ERROR;
				CLANG_WARN_SUSPICIOUS_MOVE = YES;
				CLANG_WARN_UNREACHABLE_CODE = YES;
				CLANG_WARN__DUPLICATE_METHOD_MATCH = YES;
				"CODE_SIGN_IDENTITY[sdk=iphoneos*]" = "iPhone Developer";
				COPY_PHASE_STRIP = NO;
				DEBUG_INFORMATION_FORMAT = "dwarf-with-dsym";
				ENABLE_NS_ASSERTIONS = NO;
				ENABLE_STRICT_OBJC_MSGSEND = YES;
				GCC_C_LANGUAGE_STANDARD = gnu99;
				GCC_NO_COMMON_BLOCKS = YES;
				GCC_WARN_64_TO_32_BIT_CONVERSION = YES;
				GCC_WARN_ABOUT_RETURN_TYPE = YES_ERROR;
				GCC_WARN_UNDECLARED_SELECTOR = YES;
				GCC_WARN_UNINITIALIZED_AUTOS = YES_AGGRESSIVE;
				GCC_WARN_UNUSED_FUNCTION = YES;
				GCC_WARN_UNUSED_VARIABLE = YES;
				IPHONEOS_DEPLOYMENT_TARGET = 10.3;
				MTL_ENABLE_DEBUG_INFO = NO;
				SDKROOT = iphoneos;
				SWIFT_OPTIMIZATION_LEVEL = "-Owholemodule";
				VALIDATE_PRODUCT = YES;
			};
			name = Release;
		};
		A9D1E4791EF3273A008E352F /* Debug */ = {
			isa = XCBuildConfiguration;
			buildSettings = {
				ASSETCATALOG_COMPILER_APPICON_NAME = AppIcon;
				INFOPLIST_FILE = Pokedex/Info.plist;
				LD_RUNPATH_SEARCH_PATHS = "$(inherited) @executable_path/Frameworks";
				PRODUCT_BUNDLE_IDENTIFIER = com.UpliftedStudios.Pokedex;
				PRODUCT_NAME = "$(TARGET_NAME)";
				SWIFT_VERSION = 3.0;
			};
			name = Debug;
		};
		A9D1E47A1EF3273A008E352F /* Release */ = {
			isa = XCBuildConfiguration;
			buildSettings = {
				ASSETCATALOG_COMPILER_APPICON_NAME = AppIcon;
				INFOPLIST_FILE = Pokedex/Info.plist;
				LD_RUNPATH_SEARCH_PATHS = "$(inherited) @executable_path/Frameworks";
				PRODUCT_BUNDLE_IDENTIFIER = com.UpliftedStudios.Pokedex;
				PRODUCT_NAME = "$(TARGET_NAME)";
				SWIFT_VERSION = 3.0;
			};
			name = Release;
		};
/* End XCBuildConfiguration section */

/* Begin XCConfigurationList section */
		A9D1E4611EF3273A008E352F /* Build configuration list for PBXProject "Pokedex" */ = {
			isa = XCConfigurationList;
			buildConfigurations = (
				A9D1E4761EF3273A008E352F /* Debug */,
				A9D1E4771EF3273A008E352F /* Release */,
			);
			defaultConfigurationIsVisible = 0;
			defaultConfigurationName = Release;
		};
		A9D1E4781EF3273A008E352F /* Build configuration list for PBXNativeTarget "Pokedex" */ = {
			isa = XCConfigurationList;
			buildConfigurations = (
				A9D1E4791EF3273A008E352F /* Debug */,
				A9D1E47A1EF3273A008E352F /* Release */,
			);
			defaultConfigurationIsVisible = 0;
			defaultConfigurationName = Release;
		};
/* End XCConfigurationList section */
	};
	rootObject = A9D1E45E1EF3273A008E352F /* Project object */;
}
